// !$*UTF8*$!
{
	archiveVersion = 1;
	classes = {
	};
	objectVersion = 50;
	objects = {

/* Begin PBXBuildFile section */
		051963F12080567000CFA182 /* AppDelegate.swift in Sources */ = {isa = PBXBuildFile; fileRef = 051963F02080567000CFA182 /* AppDelegate.swift */; };
		051963F32080567000CFA182 /* ViewController.swift in Sources */ = {isa = PBXBuildFile; fileRef = 051963F22080567000CFA182 /* ViewController.swift */; };
		051963F52080567200CFA182 /* Assets.xcassets in Resources */ = {isa = PBXBuildFile; fileRef = 051963F42080567200CFA182 /* Assets.xcassets */; };
		051963F82080567200CFA182 /* Main.storyboard in Resources */ = {isa = PBXBuildFile; fileRef = 051963F62080567200CFA182 /* Main.storyboard */; };
		051964042080567200CFA182 /* LabJukeboxTests.swift in Sources */ = {isa = PBXBuildFile; fileRef = 051964032080567200CFA182 /* LabJukeboxTests.swift */; };
		0519640F2080567200CFA182 /* LabJukeboxUITests.swift in Sources */ = {isa = PBXBuildFile; fileRef = 0519640E2080567200CFA182 /* LabJukeboxUITests.swift */; };
		0519641D2080568500CFA182 /* DragAndDropLabel.swift in Sources */ = {isa = PBXBuildFile; fileRef = 0519641C2080568500CFA182 /* DragAndDropLabel.swift */; };
		0519641F2080917E00CFA182 /* MusicInfo.swift in Sources */ = {isa = PBXBuildFile; fileRef = 0519641E2080917E00CFA182 /* MusicInfo.swift */; };
		0519644A20809B3000CFA182 /* MP3File.swift in Sources */ = {isa = PBXBuildFile; fileRef = 0519644920809AA000CFA182 /* MP3File.swift */; };
		0519644B20809B3200CFA182 /* NSImage+WriteToFile.swift in Sources */ = {isa = PBXBuildFile; fileRef = 0519644820809A9F00CFA182 /* NSImage+WriteToFile.swift */; };
		0519644C20809B3400CFA182 /* TagParser.swift in Sources */ = {isa = PBXBuildFile; fileRef = 0519644620809A9F00CFA182 /* TagParser.swift */; };
		0519644D20809B3700CFA182 /* Toolbox.swift in Sources */ = {isa = PBXBuildFile; fileRef = 0519644720809A9F00CFA182 /* Toolbox.swift */; };
		0519644E20809B3900CFA182 /* Errors.swift in Sources */ = {isa = PBXBuildFile; fileRef = 0519644420809A9F00CFA182 /* Errors.swift */; };
		0519644F20809B3C00CFA182 /* ID3Tag.swift in Sources */ = {isa = PBXBuildFile; fileRef = 0519644520809A9F00CFA182 /* ID3Tag.swift */; };
		0519645220809C0400CFA182 /* AppKit.framework in Frameworks */ = {isa = PBXBuildFile; fileRef = 0519645120809C0400CFA182 /* AppKit.framework */; };
		051964552080C57500CFA182 /* FilesProvider.framework in Frameworks */ = {isa = PBXBuildFile; fileRef = 051964542080C57500CFA182 /* FilesProvider.framework */; };
		051964592080C68600CFA182 /* FTPServerInfo.swift in Sources */ = {isa = PBXBuildFile; fileRef = 051964582080C68600CFA182 /* FTPServerInfo.swift */; };
		7BE3000F4F9B13E447F18697 /* Pods_LabJukeboxUITests.framework in Frameworks */ = {isa = PBXBuildFile; fileRef = D529E6D76DEA88DF2D1197F6 /* Pods_LabJukeboxUITests.framework */; };
		9C5713ACC9C1FA9B637497CF /* Pods_LabJukeboxTests.framework in Frameworks */ = {isa = PBXBuildFile; fileRef = 5CD3E742A4922EE896F162BF /* Pods_LabJukeboxTests.framework */; };
		C35193A1C8A09898AE18A2AE /* Pods_LabJukebox.framework in Frameworks */ = {isa = PBXBuildFile; fileRef = FFD06FB78966620C647B0212 /* Pods_LabJukebox.framework */; };
/* End PBXBuildFile section */

/* Begin PBXContainerItemProxy section */
		051964002080567200CFA182 /* PBXContainerItemProxy */ = {
			isa = PBXContainerItemProxy;
			containerPortal = 051963E52080567000CFA182 /* Project object */;
			proxyType = 1;
			remoteGlobalIDString = 051963EC2080567000CFA182;
			remoteInfo = LabJukebox;
		};
		0519640B2080567200CFA182 /* PBXContainerItemProxy */ = {
			isa = PBXContainerItemProxy;
			containerPortal = 051963E52080567000CFA182 /* Project object */;
			proxyType = 1;
			remoteGlobalIDString = 051963EC2080567000CFA182;
			remoteInfo = LabJukebox;
		};
/* End PBXContainerItemProxy section */

/* Begin PBXCopyFilesBuildPhase section */
		051964332080982100CFA182 /* Embed Frameworks */ = {
			isa = PBXCopyFilesBuildPhase;
			buildActionMask = 2147483647;
			dstPath = "";
			dstSubfolderSpec = 10;
			files = (
			);
			name = "Embed Frameworks";
			runOnlyForDeploymentPostprocessing = 0;
		};
/* End PBXCopyFilesBuildPhase section */

/* Begin PBXFileReference section */
		051963ED2080567000CFA182 /* LabJukebox.app */ = {isa = PBXFileReference; explicitFileType = wrapper.application; includeInIndex = 0; path = LabJukebox.app; sourceTree = BUILT_PRODUCTS_DIR; };
		051963F02080567000CFA182 /* AppDelegate.swift */ = {isa = PBXFileReference; lastKnownFileType = sourcecode.swift; path = AppDelegate.swift; sourceTree = "<group>"; };
		051963F22080567000CFA182 /* ViewController.swift */ = {isa = PBXFileReference; lastKnownFileType = sourcecode.swift; path = ViewController.swift; sourceTree = "<group>"; };
		051963F42080567200CFA182 /* Assets.xcassets */ = {isa = PBXFileReference; lastKnownFileType = folder.assetcatalog; path = Assets.xcassets; sourceTree = "<group>"; };
		051963F72080567200CFA182 /* Base */ = {isa = PBXFileReference; lastKnownFileType = file.storyboard; name = Base; path = Base.lproj/Main.storyboard; sourceTree = "<group>"; };
		051963F92080567200CFA182 /* Info.plist */ = {isa = PBXFileReference; lastKnownFileType = text.plist.xml; path = Info.plist; sourceTree = "<group>"; };
		051963FA2080567200CFA182 /* LabJukebox.entitlements */ = {isa = PBXFileReference; lastKnownFileType = text.plist.entitlements; path = LabJukebox.entitlements; sourceTree = "<group>"; };
		051963FF2080567200CFA182 /* LabJukeboxTests.xctest */ = {isa = PBXFileReference; explicitFileType = wrapper.cfbundle; includeInIndex = 0; path = LabJukeboxTests.xctest; sourceTree = BUILT_PRODUCTS_DIR; };
		051964032080567200CFA182 /* LabJukeboxTests.swift */ = {isa = PBXFileReference; lastKnownFileType = sourcecode.swift; path = LabJukeboxTests.swift; sourceTree = "<group>"; };
		051964052080567200CFA182 /* Info.plist */ = {isa = PBXFileReference; lastKnownFileType = text.plist.xml; path = Info.plist; sourceTree = "<group>"; };
		0519640A2080567200CFA182 /* LabJukeboxUITests.xctest */ = {isa = PBXFileReference; explicitFileType = wrapper.cfbundle; includeInIndex = 0; path = LabJukeboxUITests.xctest; sourceTree = BUILT_PRODUCTS_DIR; };
		0519640E2080567200CFA182 /* LabJukeboxUITests.swift */ = {isa = PBXFileReference; lastKnownFileType = sourcecode.swift; path = LabJukeboxUITests.swift; sourceTree = "<group>"; };
		051964102080567200CFA182 /* Info.plist */ = {isa = PBXFileReference; lastKnownFileType = text.plist.xml; path = Info.plist; sourceTree = "<group>"; };
		0519641C2080568500CFA182 /* DragAndDropLabel.swift */ = {isa = PBXFileReference; lastKnownFileType = sourcecode.swift; path = DragAndDropLabel.swift; sourceTree = "<group>"; };
		0519641E2080917E00CFA182 /* MusicInfo.swift */ = {isa = PBXFileReference; lastKnownFileType = sourcecode.swift; path = MusicInfo.swift; sourceTree = "<group>"; };
		0519644420809A9F00CFA182 /* Errors.swift */ = {isa = PBXFileReference; lastKnownFileType = sourcecode.swift; path = Errors.swift; sourceTree = "<group>"; };
		0519644520809A9F00CFA182 /* ID3Tag.swift */ = {isa = PBXFileReference; lastKnownFileType = sourcecode.swift; path = ID3Tag.swift; sourceTree = "<group>"; };
		0519644620809A9F00CFA182 /* TagParser.swift */ = {isa = PBXFileReference; lastKnownFileType = sourcecode.swift; path = TagParser.swift; sourceTree = "<group>"; };
		0519644720809A9F00CFA182 /* Toolbox.swift */ = {isa = PBXFileReference; lastKnownFileType = sourcecode.swift; path = Toolbox.swift; sourceTree = "<group>"; };
		0519644820809A9F00CFA182 /* NSImage+WriteToFile.swift */ = {isa = PBXFileReference; lastKnownFileType = sourcecode.swift; path = "NSImage+WriteToFile.swift"; sourceTree = "<group>"; };
		0519644920809AA000CFA182 /* MP3File.swift */ = {isa = PBXFileReference; lastKnownFileType = sourcecode.swift; path = MP3File.swift; sourceTree = "<group>"; };
		0519645120809C0400CFA182 /* AppKit.framework */ = {isa = PBXFileReference; lastKnownFileType = wrapper.framework; name = AppKit.framework; path = System/Library/Frameworks/AppKit.framework; sourceTree = SDKROOT; };
		051964542080C57500CFA182 /* FilesProvider.framework */ = {isa = PBXFileReference; lastKnownFileType = wrapper.framework; name = FilesProvider.framework; path = Carthage/Build/Mac/FilesProvider.framework; sourceTree = "<group>"; };
		051964582080C68600CFA182 /* FTPServerInfo.swift */ = {isa = PBXFileReference; lastKnownFileType = sourcecode.swift; path = FTPServerInfo.swift; sourceTree = "<group>"; };
		10BE35DD8A1650422137971A /* Pods-LabJukebox.release.xcconfig */ = {isa = PBXFileReference; includeInIndex = 1; lastKnownFileType = text.xcconfig; name = "Pods-LabJukebox.release.xcconfig"; path = "Pods/Target Support Files/Pods-LabJukebox/Pods-LabJukebox.release.xcconfig"; sourceTree = "<group>"; };
		3A8411B875B452BA727980AB /* Pods-LabJukeboxTests.debug.xcconfig */ = {isa = PBXFileReference; includeInIndex = 1; lastKnownFileType = text.xcconfig; name = "Pods-LabJukeboxTests.debug.xcconfig"; path = "Pods/Target Support Files/Pods-LabJukeboxTests/Pods-LabJukeboxTests.debug.xcconfig"; sourceTree = "<group>"; };
		56498F8B98CC5028578A03A0 /* Pods-LabJukeboxUITests.debug.xcconfig */ = {isa = PBXFileReference; includeInIndex = 1; lastKnownFileType = text.xcconfig; name = "Pods-LabJukeboxUITests.debug.xcconfig"; path = "Pods/Target Support Files/Pods-LabJukeboxUITests/Pods-LabJukeboxUITests.debug.xcconfig"; sourceTree = "<group>"; };
		5CD3E742A4922EE896F162BF /* Pods_LabJukeboxTests.framework */ = {isa = PBXFileReference; explicitFileType = wrapper.framework; includeInIndex = 0; path = Pods_LabJukeboxTests.framework; sourceTree = BUILT_PRODUCTS_DIR; };
		8C38D4AC287B696DF3F64C0D /* Pods-LabJukebox.debug.xcconfig */ = {isa = PBXFileReference; includeInIndex = 1; lastKnownFileType = text.xcconfig; name = "Pods-LabJukebox.debug.xcconfig"; path = "Pods/Target Support Files/Pods-LabJukebox/Pods-LabJukebox.debug.xcconfig"; sourceTree = "<group>"; };
		D529E6D76DEA88DF2D1197F6 /* Pods_LabJukeboxUITests.framework */ = {isa = PBXFileReference; explicitFileType = wrapper.framework; includeInIndex = 0; path = Pods_LabJukeboxUITests.framework; sourceTree = BUILT_PRODUCTS_DIR; };
		E612F0D6DB08AF237DD59782 /* Pods-LabJukeboxUITests.release.xcconfig */ = {isa = PBXFileReference; includeInIndex = 1; lastKnownFileType = text.xcconfig; name = "Pods-LabJukeboxUITests.release.xcconfig"; path = "Pods/Target Support Files/Pods-LabJukeboxUITests/Pods-LabJukeboxUITests.release.xcconfig"; sourceTree = "<group>"; };
		FE5E3741656F50032942004F /* Pods-LabJukeboxTests.release.xcconfig */ = {isa = PBXFileReference; includeInIndex = 1; lastKnownFileType = text.xcconfig; name = "Pods-LabJukeboxTests.release.xcconfig"; path = "Pods/Target Support Files/Pods-LabJukeboxTests/Pods-LabJukeboxTests.release.xcconfig"; sourceTree = "<group>"; };
		FFD06FB78966620C647B0212 /* Pods_LabJukebox.framework */ = {isa = PBXFileReference; explicitFileType = wrapper.framework; includeInIndex = 0; path = Pods_LabJukebox.framework; sourceTree = BUILT_PRODUCTS_DIR; };
/* End PBXFileReference section */

/* Begin PBXFrameworksBuildPhase section */
		051963EA2080567000CFA182 /* Frameworks */ = {
			isa = PBXFrameworksBuildPhase;
			buildActionMask = 2147483647;
			files = (
				051964552080C57500CFA182 /* FilesProvider.framework in Frameworks */,
				0519645220809C0400CFA182 /* AppKit.framework in Frameworks */,
				C35193A1C8A09898AE18A2AE /* Pods_LabJukebox.framework in Frameworks */,
			);
			runOnlyForDeploymentPostprocessing = 0;
		};
		051963FC2080567200CFA182 /* Frameworks */ = {
			isa = PBXFrameworksBuildPhase;
			buildActionMask = 2147483647;
			files = (
				9C5713ACC9C1FA9B637497CF /* Pods_LabJukeboxTests.framework in Frameworks */,
			);
			runOnlyForDeploymentPostprocessing = 0;
		};
		051964072080567200CFA182 /* Frameworks */ = {
			isa = PBXFrameworksBuildPhase;
			buildActionMask = 2147483647;
			files = (
				7BE3000F4F9B13E447F18697 /* Pods_LabJukeboxUITests.framework in Frameworks */,
			);
			runOnlyForDeploymentPostprocessing = 0;
		};
/* End PBXFrameworksBuildPhase section */

/* Begin PBXGroup section */
		051963E42080567000CFA182 = {
			isa = PBXGroup;
			children = (
				051963EF2080567000CFA182 /* LabJukebox */,
				051964022080567200CFA182 /* LabJukeboxTests */,
				0519640D2080567200CFA182 /* LabJukeboxUITests */,
				051963EE2080567000CFA182 /* Products */,
				0519645020809C0300CFA182 /* Frameworks */,
				A69C76EB81B430185F451800 /* Pods */,
			);
			sourceTree = "<group>";
		};
		051963EE2080567000CFA182 /* Products */ = {
			isa = PBXGroup;
			children = (
				051963ED2080567000CFA182 /* LabJukebox.app */,
				051963FF2080567200CFA182 /* LabJukeboxTests.xctest */,
				0519640A2080567200CFA182 /* LabJukeboxUITests.xctest */,
			);
			name = Products;
			sourceTree = "<group>";
		};
		051963EF2080567000CFA182 /* LabJukebox */ = {
			isa = PBXGroup;
			children = (
				0519644320809A9500CFA182 /* id3 */,
				051963F02080567000CFA182 /* AppDelegate.swift */,
				051963F22080567000CFA182 /* ViewController.swift */,
				0519641C2080568500CFA182 /* DragAndDropLabel.swift */,
				0519641E2080917E00CFA182 /* MusicInfo.swift */,
				051964582080C68600CFA182 /* FTPServerInfo.swift */,
				051963F42080567200CFA182 /* Assets.xcassets */,
				051963F62080567200CFA182 /* Main.storyboard */,
				051963F92080567200CFA182 /* Info.plist */,
				051963FA2080567200CFA182 /* LabJukebox.entitlements */,
			);
			path = LabJukebox;
			sourceTree = "<group>";
		};
		051964022080567200CFA182 /* LabJukeboxTests */ = {
			isa = PBXGroup;
			children = (
				051964032080567200CFA182 /* LabJukeboxTests.swift */,
				051964052080567200CFA182 /* Info.plist */,
			);
			path = LabJukeboxTests;
			sourceTree = "<group>";
		};
		0519640D2080567200CFA182 /* LabJukeboxUITests */ = {
			isa = PBXGroup;
			children = (
				0519640E2080567200CFA182 /* LabJukeboxUITests.swift */,
				051964102080567200CFA182 /* Info.plist */,
			);
			path = LabJukeboxUITests;
			sourceTree = "<group>";
		};
		0519644320809A9500CFA182 /* id3 */ = {
			isa = PBXGroup;
			children = (
				0519644420809A9F00CFA182 /* Errors.swift */,
				0519644520809A9F00CFA182 /* ID3Tag.swift */,
				0519644920809AA000CFA182 /* MP3File.swift */,
				0519644820809A9F00CFA182 /* NSImage+WriteToFile.swift */,
				0519644620809A9F00CFA182 /* TagParser.swift */,
				0519644720809A9F00CFA182 /* Toolbox.swift */,
			);
			path = id3;
			sourceTree = "<group>";
		};
		0519645020809C0300CFA182 /* Frameworks */ = {
			isa = PBXGroup;
			children = (
				051964542080C57500CFA182 /* FilesProvider.framework */,
				0519645120809C0400CFA182 /* AppKit.framework */,
				FFD06FB78966620C647B0212 /* Pods_LabJukebox.framework */,
				5CD3E742A4922EE896F162BF /* Pods_LabJukeboxTests.framework */,
				D529E6D76DEA88DF2D1197F6 /* Pods_LabJukeboxUITests.framework */,
			);
			name = Frameworks;
			sourceTree = "<group>";
		};
		A69C76EB81B430185F451800 /* Pods */ = {
			isa = PBXGroup;
			children = (
				8C38D4AC287B696DF3F64C0D /* Pods-LabJukebox.debug.xcconfig */,
				10BE35DD8A1650422137971A /* Pods-LabJukebox.release.xcconfig */,
				3A8411B875B452BA727980AB /* Pods-LabJukeboxTests.debug.xcconfig */,
				FE5E3741656F50032942004F /* Pods-LabJukeboxTests.release.xcconfig */,
				56498F8B98CC5028578A03A0 /* Pods-LabJukeboxUITests.debug.xcconfig */,
				E612F0D6DB08AF237DD59782 /* Pods-LabJukeboxUITests.release.xcconfig */,
			);
			name = Pods;
			sourceTree = "<group>";
		};
/* End PBXGroup section */

/* Begin PBXNativeTarget section */
		051963EC2080567000CFA182 /* LabJukebox */ = {
			isa = PBXNativeTarget;
			buildConfigurationList = 051964132080567200CFA182 /* Build configuration list for PBXNativeTarget "LabJukebox" */;
			buildPhases = (
				49780FC9A9A652D3C0F6AB2C /* [CP] Check Pods Manifest.lock */,
				051963E92080567000CFA182 /* Sources */,
				051963EA2080567000CFA182 /* Frameworks */,
				051963EB2080567000CFA182 /* Resources */,
				051964332080982100CFA182 /* Embed Frameworks */,
				051964532080C3CF00CFA182 /* ShellScript */,
				6ACB246140AA8A81296E27AD /* [CP] Embed Pods Frameworks */,
				BBD9E09DE72E8ED4E38BC111 /* [CP] Copy Pods Resources */,
			);
			buildRules = (
			);
			dependencies = (
			);
			name = LabJukebox;
			productName = LabJukebox;
			productReference = 051963ED2080567000CFA182 /* LabJukebox.app */;
			productType = "com.apple.product-type.application";
		};
		051963FE2080567200CFA182 /* LabJukeboxTests */ = {
			isa = PBXNativeTarget;
			buildConfigurationList = 051964162080567200CFA182 /* Build configuration list for PBXNativeTarget "LabJukeboxTests" */;
			buildPhases = (
				3EA1B250EF56E50C11E7CBB9 /* [CP] Check Pods Manifest.lock */,
				051963FB2080567200CFA182 /* Sources */,
				051963FC2080567200CFA182 /* Frameworks */,
				051963FD2080567200CFA182 /* Resources */,
				F36A2C927452D182EB35AA88 /* [CP] Embed Pods Frameworks */,
				4AF8C4EA552F9145F0283836 /* [CP] Copy Pods Resources */,
			);
			buildRules = (
			);
			dependencies = (
				051964012080567200CFA182 /* PBXTargetDependency */,
			);
			name = LabJukeboxTests;
			productName = LabJukeboxTests;
			productReference = 051963FF2080567200CFA182 /* LabJukeboxTests.xctest */;
			productType = "com.apple.product-type.bundle.unit-test";
		};
		051964092080567200CFA182 /* LabJukeboxUITests */ = {
			isa = PBXNativeTarget;
			buildConfigurationList = 051964192080567200CFA182 /* Build configuration list for PBXNativeTarget "LabJukeboxUITests" */;
			buildPhases = (
				03FA4EE79F77F51B4D55D2C7 /* [CP] Check Pods Manifest.lock */,
				051964062080567200CFA182 /* Sources */,
				051964072080567200CFA182 /* Frameworks */,
				051964082080567200CFA182 /* Resources */,
				5ADA7E44EF7CBD2847C62E7E /* [CP] Embed Pods Frameworks */,
				03AC449DBDA8F53B5BEEA68B /* [CP] Copy Pods Resources */,
			);
			buildRules = (
			);
			dependencies = (
				0519640C2080567200CFA182 /* PBXTargetDependency */,
			);
			name = LabJukeboxUITests;
			productName = LabJukeboxUITests;
			productReference = 0519640A2080567200CFA182 /* LabJukeboxUITests.xctest */;
			productType = "com.apple.product-type.bundle.ui-testing";
		};
/* End PBXNativeTarget section */

/* Begin PBXProject section */
		051963E52080567000CFA182 /* Project object */ = {
			isa = PBXProject;
			attributes = {
				LastSwiftUpdateCheck = 0930;
				LastUpgradeCheck = 0930;
				ORGANIZATIONNAME = "直井翔汰";
				TargetAttributes = {
					051963EC2080567000CFA182 = {
						CreatedOnToolsVersion = 9.3;
					};
					051963FE2080567200CFA182 = {
						CreatedOnToolsVersion = 9.3;
						TestTargetID = 051963EC2080567000CFA182;
					};
					051964092080567200CFA182 = {
						CreatedOnToolsVersion = 9.3;
						TestTargetID = 051963EC2080567000CFA182;
					};
				};
			};
			buildConfigurationList = 051963E82080567000CFA182 /* Build configuration list for PBXProject "LabJukebox" */;
			compatibilityVersion = "Xcode 9.3";
			developmentRegion = en;
			hasScannedForEncodings = 0;
			knownRegions = (
				en,
				Base,
			);
			mainGroup = 051963E42080567000CFA182;
			productRefGroup = 051963EE2080567000CFA182 /* Products */;
			projectDirPath = "";
			projectRoot = "";
			targets = (
				051963EC2080567000CFA182 /* LabJukebox */,
				051963FE2080567200CFA182 /* LabJukeboxTests */,
				051964092080567200CFA182 /* LabJukeboxUITests */,
			);
		};
/* End PBXProject section */

/* Begin PBXResourcesBuildPhase section */
		051963EB2080567000CFA182 /* Resources */ = {
			isa = PBXResourcesBuildPhase;
			buildActionMask = 2147483647;
			files = (
				051963F52080567200CFA182 /* Assets.xcassets in Resources */,
				051963F82080567200CFA182 /* Main.storyboard in Resources */,
			);
			runOnlyForDeploymentPostprocessing = 0;
		};
		051963FD2080567200CFA182 /* Resources */ = {
			isa = PBXResourcesBuildPhase;
			buildActionMask = 2147483647;
			files = (
			);
			runOnlyForDeploymentPostprocessing = 0;
		};
		051964082080567200CFA182 /* Resources */ = {
			isa = PBXResourcesBuildPhase;
			buildActionMask = 2147483647;
			files = (
			);
			runOnlyForDeploymentPostprocessing = 0;
		};
/* End PBXResourcesBuildPhase section */

/* Begin PBXShellScriptBuildPhase section */
		03AC449DBDA8F53B5BEEA68B /* [CP] Copy Pods Resources */ = {
			isa = PBXShellScriptBuildPhase;
			buildActionMask = 2147483647;
			files = (
			);
			inputPaths = (
			);
			name = "[CP] Copy Pods Resources";
			outputPaths = (
			);
			runOnlyForDeploymentPostprocessing = 0;
			shellPath = /bin/sh;
			shellScript = "\"${SRCROOT}/Pods/Target Support Files/Pods-LabJukeboxUITests/Pods-LabJukeboxUITests-resources.sh\"\n";
			showEnvVarsInLog = 0;
		};
		03FA4EE79F77F51B4D55D2C7 /* [CP] Check Pods Manifest.lock */ = {
			isa = PBXShellScriptBuildPhase;
			buildActionMask = 2147483647;
			files = (
			);
			inputPaths = (
				"${PODS_PODFILE_DIR_PATH}/Podfile.lock",
				"${PODS_ROOT}/Manifest.lock",
			);
			name = "[CP] Check Pods Manifest.lock";
			outputPaths = (
				"$(DERIVED_FILE_DIR)/Pods-LabJukeboxUITests-checkManifestLockResult.txt",
			);
			runOnlyForDeploymentPostprocessing = 0;
			shellPath = /bin/sh;
			shellScript = "diff \"${PODS_PODFILE_DIR_PATH}/Podfile.lock\" \"${PODS_ROOT}/Manifest.lock\" > /dev/null\nif [ $? != 0 ] ; then\n    # print error to STDERR\n    echo \"error: The sandbox is not in sync with the Podfile.lock. Run 'pod install' or update your CocoaPods installation.\" >&2\n    exit 1\nfi\n# This output is used by Xcode 'outputs' to avoid re-running this script phase.\necho \"SUCCESS\" > \"${SCRIPT_OUTPUT_FILE_0}\"\n";
			showEnvVarsInLog = 0;
		};
		051964532080C3CF00CFA182 /* ShellScript */ = {
			isa = PBXShellScriptBuildPhase;
			buildActionMask = 2147483647;
			files = (
			);
			inputPaths = (
				"$(SRCROOT)/Carthage/Build/Mac/FilesProvider.framework",
			);
			outputPaths = (
			);
			runOnlyForDeploymentPostprocessing = 0;
			shellPath = /bin/sh;
			shellScript = "/usr/local/bin/carthage copy-frameworks";
		};
		3EA1B250EF56E50C11E7CBB9 /* [CP] Check Pods Manifest.lock */ = {
			isa = PBXShellScriptBuildPhase;
			buildActionMask = 2147483647;
			files = (
			);
			inputPaths = (
				"${PODS_PODFILE_DIR_PATH}/Podfile.lock",
				"${PODS_ROOT}/Manifest.lock",
			);
			name = "[CP] Check Pods Manifest.lock";
			outputPaths = (
				"$(DERIVED_FILE_DIR)/Pods-LabJukeboxTests-checkManifestLockResult.txt",
			);
			runOnlyForDeploymentPostprocessing = 0;
			shellPath = /bin/sh;
			shellScript = "diff \"${PODS_PODFILE_DIR_PATH}/Podfile.lock\" \"${PODS_ROOT}/Manifest.lock\" > /dev/null\nif [ $? != 0 ] ; then\n    # print error to STDERR\n    echo \"error: The sandbox is not in sync with the Podfile.lock. Run 'pod install' or update your CocoaPods installation.\" >&2\n    exit 1\nfi\n# This output is used by Xcode 'outputs' to avoid re-running this script phase.\necho \"SUCCESS\" > \"${SCRIPT_OUTPUT_FILE_0}\"\n";
			showEnvVarsInLog = 0;
		};
		49780FC9A9A652D3C0F6AB2C /* [CP] Check Pods Manifest.lock */ = {
			isa = PBXShellScriptBuildPhase;
			buildActionMask = 2147483647;
			files = (
			);
			inputPaths = (
				"${PODS_PODFILE_DIR_PATH}/Podfile.lock",
				"${PODS_ROOT}/Manifest.lock",
			);
			name = "[CP] Check Pods Manifest.lock";
			outputPaths = (
				"$(DERIVED_FILE_DIR)/Pods-LabJukebox-checkManifestLockResult.txt",
			);
			runOnlyForDeploymentPostprocessing = 0;
			shellPath = /bin/sh;
			shellScript = "diff \"${PODS_PODFILE_DIR_PATH}/Podfile.lock\" \"${PODS_ROOT}/Manifest.lock\" > /dev/null\nif [ $? != 0 ] ; then\n    # print error to STDERR\n    echo \"error: The sandbox is not in sync with the Podfile.lock. Run 'pod install' or update your CocoaPods installation.\" >&2\n    exit 1\nfi\n# This output is used by Xcode 'outputs' to avoid re-running this script phase.\necho \"SUCCESS\" > \"${SCRIPT_OUTPUT_FILE_0}\"\n";
			showEnvVarsInLog = 0;
		};
		4AF8C4EA552F9145F0283836 /* [CP] Copy Pods Resources */ = {
			isa = PBXShellScriptBuildPhase;
			buildActionMask = 2147483647;
			files = (
			);
			inputPaths = (
			);
			name = "[CP] Copy Pods Resources";
			outputPaths = (
			);
			runOnlyForDeploymentPostprocessing = 0;
			shellPath = /bin/sh;
			shellScript = "\"${SRCROOT}/Pods/Target Support Files/Pods-LabJukeboxTests/Pods-LabJukeboxTests-resources.sh\"\n";
			showEnvVarsInLog = 0;
		};
		5ADA7E44EF7CBD2847C62E7E /* [CP] Embed Pods Frameworks */ = {
			isa = PBXShellScriptBuildPhase;
			buildActionMask = 2147483647;
			files = (
			);
			inputPaths = (
			);
			name = "[CP] Embed Pods Frameworks";
			outputPaths = (
			);
			runOnlyForDeploymentPostprocessing = 0;
			shellPath = /bin/sh;
			shellScript = "\"${SRCROOT}/Pods/Target Support Files/Pods-LabJukeboxUITests/Pods-LabJukeboxUITests-frameworks.sh\"\n";
			showEnvVarsInLog = 0;
		};
		6ACB246140AA8A81296E27AD /* [CP] Embed Pods Frameworks */ = {
			isa = PBXShellScriptBuildPhase;
			buildActionMask = 2147483647;
			files = (
			);
			inputPaths = (
				"${SRCROOT}/Pods/Target Support Files/Pods-LabJukebox/Pods-LabJukebox-frameworks.sh",
				"${BUILT_PRODUCTS_DIR}/ProgressKit/ProgressKit.framework",
			);
			name = "[CP] Embed Pods Frameworks";
			outputPaths = (
				"${TARGET_BUILD_DIR}/${FRAMEWORKS_FOLDER_PATH}/ProgressKit.framework",
			);
			runOnlyForDeploymentPostprocessing = 0;
			shellPath = /bin/sh;
			shellScript = "\"${SRCROOT}/Pods/Target Support Files/Pods-LabJukebox/Pods-LabJukebox-frameworks.sh\"\n";
			showEnvVarsInLog = 0;
		};
		BBD9E09DE72E8ED4E38BC111 /* [CP] Copy Pods Resources */ = {
			isa = PBXShellScriptBuildPhase;
			buildActionMask = 2147483647;
			files = (
			);
			inputPaths = (
			);
			name = "[CP] Copy Pods Resources";
			outputPaths = (
			);
			runOnlyForDeploymentPostprocessing = 0;
			shellPath = /bin/sh;
			shellScript = "\"${SRCROOT}/Pods/Target Support Files/Pods-LabJukebox/Pods-LabJukebox-resources.sh\"\n";
			showEnvVarsInLog = 0;
		};
		F36A2C927452D182EB35AA88 /* [CP] Embed Pods Frameworks */ = {
			isa = PBXShellScriptBuildPhase;
			buildActionMask = 2147483647;
			files = (
			);
			inputPaths = (
			);
			name = "[CP] Embed Pods Frameworks";
			outputPaths = (
			);
			runOnlyForDeploymentPostprocessing = 0;
			shellPath = /bin/sh;
			shellScript = "\"${SRCROOT}/Pods/Target Support Files/Pods-LabJukeboxTests/Pods-LabJukeboxTests-frameworks.sh\"\n";
			showEnvVarsInLog = 0;
		};
/* End PBXShellScriptBuildPhase section */

/* Begin PBXSourcesBuildPhase section */
		051963E92080567000CFA182 /* Sources */ = {
			isa = PBXSourcesBuildPhase;
			buildActionMask = 2147483647;
			files = (
				051963F32080567000CFA182 /* ViewController.swift in Sources */,
				0519644E20809B3900CFA182 /* Errors.swift in Sources */,
				0519641D2080568500CFA182 /* DragAndDropLabel.swift in Sources */,
				0519644F20809B3C00CFA182 /* ID3Tag.swift in Sources */,
				051963F12080567000CFA182 /* AppDelegate.swift in Sources */,
				0519644D20809B3700CFA182 /* Toolbox.swift in Sources */,
				0519644C20809B3400CFA182 /* TagParser.swift in Sources */,
				0519644B20809B3200CFA182 /* NSImage+WriteToFile.swift in Sources */,
				0519644A20809B3000CFA182 /* MP3File.swift in Sources */,
				051964592080C68600CFA182 /* FTPServerInfo.swift in Sources */,
				0519641F2080917E00CFA182 /* MusicInfo.swift in Sources */,
			);
			runOnlyForDeploymentPostprocessing = 0;
		};
		051963FB2080567200CFA182 /* Sources */ = {
			isa = PBXSourcesBuildPhase;
			buildActionMask = 2147483647;
			files = (
				051964042080567200CFA182 /* LabJukeboxTests.swift in Sources */,
			);
			runOnlyForDeploymentPostprocessing = 0;
		};
		051964062080567200CFA182 /* Sources */ = {
			isa = PBXSourcesBuildPhase;
			buildActionMask = 2147483647;
			files = (
				0519640F2080567200CFA182 /* LabJukeboxUITests.swift in Sources */,
			);
			runOnlyForDeploymentPostprocessing = 0;
		};
/* End PBXSourcesBuildPhase section */

/* Begin PBXTargetDependency section */
		051964012080567200CFA182 /* PBXTargetDependency */ = {
			isa = PBXTargetDependency;
			target = 051963EC2080567000CFA182 /* LabJukebox */;
			targetProxy = 051964002080567200CFA182 /* PBXContainerItemProxy */;
		};
		0519640C2080567200CFA182 /* PBXTargetDependency */ = {
			isa = PBXTargetDependency;
			target = 051963EC2080567000CFA182 /* LabJukebox */;
			targetProxy = 0519640B2080567200CFA182 /* PBXContainerItemProxy */;
		};
/* End PBXTargetDependency section */

/* Begin PBXVariantGroup section */
		051963F62080567200CFA182 /* Main.storyboard */ = {
			isa = PBXVariantGroup;
			children = (
				051963F72080567200CFA182 /* Base */,
			);
			name = Main.storyboard;
			sourceTree = "<group>";
		};
/* End PBXVariantGroup section */

/* Begin XCBuildConfiguration section */
		051964112080567200CFA182 /* Debug */ = {
			isa = XCBuildConfiguration;
			buildSettings = {
				ALWAYS_SEARCH_USER_PATHS = NO;
				CLANG_ANALYZER_NONNULL = YES;
				CLANG_ANALYZER_NUMBER_OBJECT_CONVERSION = YES_AGGRESSIVE;
				CLANG_CXX_LANGUAGE_STANDARD = "gnu++14";
				CLANG_CXX_LIBRARY = "libc++";
				CLANG_ENABLE_MODULES = YES;
				CLANG_ENABLE_OBJC_ARC = YES;
				CLANG_ENABLE_OBJC_WEAK = YES;
				CLANG_WARN_BLOCK_CAPTURE_AUTORELEASING = YES;
				CLANG_WARN_BOOL_CONVERSION = YES;
				CLANG_WARN_COMMA = YES;
				CLANG_WARN_CONSTANT_CONVERSION = YES;
				CLANG_WARN_DEPRECATED_OBJC_IMPLEMENTATIONS = YES;
				CLANG_WARN_DIRECT_OBJC_ISA_USAGE = YES_ERROR;
				CLANG_WARN_DOCUMENTATION_COMMENTS = YES;
				CLANG_WARN_EMPTY_BODY = YES;
				CLANG_WARN_ENUM_CONVERSION = YES;
				CLANG_WARN_INFINITE_RECURSION = YES;
				CLANG_WARN_INT_CONVERSION = YES;
				CLANG_WARN_NON_LITERAL_NULL_CONVERSION = YES;
				CLANG_WARN_OBJC_IMPLICIT_RETAIN_SELF = YES;
				CLANG_WARN_OBJC_LITERAL_CONVERSION = YES;
				CLANG_WARN_OBJC_ROOT_CLASS = YES_ERROR;
				CLANG_WARN_RANGE_LOOP_ANALYSIS = YES;
				CLANG_WARN_STRICT_PROTOTYPES = YES;
				CLANG_WARN_SUSPICIOUS_MOVE = YES;
				CLANG_WARN_UNGUARDED_AVAILABILITY = YES_AGGRESSIVE;
				CLANG_WARN_UNREACHABLE_CODE = YES;
				CLANG_WARN__DUPLICATE_METHOD_MATCH = YES;
				CODE_SIGN_IDENTITY = "Mac Developer";
				COPY_PHASE_STRIP = NO;
				DEBUG_INFORMATION_FORMAT = dwarf;
				ENABLE_STRICT_OBJC_MSGSEND = YES;
				ENABLE_TESTABILITY = YES;
				GCC_C_LANGUAGE_STANDARD = gnu11;
				GCC_DYNAMIC_NO_PIC = NO;
				GCC_NO_COMMON_BLOCKS = YES;
				GCC_OPTIMIZATION_LEVEL = 0;
				GCC_PREPROCESSOR_DEFINITIONS = (
					"DEBUG=1",
					"$(inherited)",
				);
				GCC_WARN_64_TO_32_BIT_CONVERSION = YES;
				GCC_WARN_ABOUT_RETURN_TYPE = YES_ERROR;
				GCC_WARN_UNDECLARED_SELECTOR = YES;
				GCC_WARN_UNINITIALIZED_AUTOS = YES_AGGRESSIVE;
				GCC_WARN_UNUSED_FUNCTION = YES;
				GCC_WARN_UNUSED_VARIABLE = YES;
				MACOSX_DEPLOYMENT_TARGET = 10.13;
				MTL_ENABLE_DEBUG_INFO = YES;
				ONLY_ACTIVE_ARCH = YES;
				SDKROOT = macosx;
				SWIFT_ACTIVE_COMPILATION_CONDITIONS = DEBUG;
				SWIFT_OPTIMIZATION_LEVEL = "-Onone";
			};
			name = Debug;
		};
		051964122080567200CFA182 /* Release */ = {
			isa = XCBuildConfiguration;
			buildSettings = {
				ALWAYS_SEARCH_USER_PATHS = NO;
				CLANG_ANALYZER_NONNULL = YES;
				CLANG_ANALYZER_NUMBER_OBJECT_CONVERSION = YES_AGGRESSIVE;
				CLANG_CXX_LANGUAGE_STANDARD = "gnu++14";
				CLANG_CXX_LIBRARY = "libc++";
				CLANG_ENABLE_MODULES = YES;
				CLANG_ENABLE_OBJC_ARC = YES;
				CLANG_ENABLE_OBJC_WEAK = YES;
				CLANG_WARN_BLOCK_CAPTURE_AUTORELEASING = YES;
				CLANG_WARN_BOOL_CONVERSION = YES;
				CLANG_WARN_COMMA = YES;
				CLANG_WARN_CONSTANT_CONVERSION = YES;
				CLANG_WARN_DEPRECATED_OBJC_IMPLEMENTATIONS = YES;
				CLANG_WARN_DIRECT_OBJC_ISA_USAGE = YES_ERROR;
				CLANG_WARN_DOCUMENTATION_COMMENTS = YES;
				CLANG_WARN_EMPTY_BODY = YES;
				CLANG_WARN_ENUM_CONVERSION = YES;
				CLANG_WARN_INFINITE_RECURSION = YES;
				CLANG_WARN_INT_CONVERSION = YES;
				CLANG_WARN_NON_LITERAL_NULL_CONVERSION = YES;
				CLANG_WARN_OBJC_IMPLICIT_RETAIN_SELF = YES;
				CLANG_WARN_OBJC_LITERAL_CONVERSION = YES;
				CLANG_WARN_OBJC_ROOT_CLASS = YES_ERROR;
				CLANG_WARN_RANGE_LOOP_ANALYSIS = YES;
				CLANG_WARN_STRICT_PROTOTYPES = YES;
				CLANG_WARN_SUSPICIOUS_MOVE = YES;
				CLANG_WARN_UNGUARDED_AVAILABILITY = YES_AGGRESSIVE;
				CLANG_WARN_UNREACHABLE_CODE = YES;
				CLANG_WARN__DUPLICATE_METHOD_MATCH = YES;
				CODE_SIGN_IDENTITY = "Mac Developer";
				COPY_PHASE_STRIP = NO;
				DEBUG_INFORMATION_FORMAT = "dwarf-with-dsym";
				ENABLE_NS_ASSERTIONS = NO;
				ENABLE_STRICT_OBJC_MSGSEND = YES;
				GCC_C_LANGUAGE_STANDARD = gnu11;
				GCC_NO_COMMON_BLOCKS = YES;
				GCC_WARN_64_TO_32_BIT_CONVERSION = YES;
				GCC_WARN_ABOUT_RETURN_TYPE = YES_ERROR;
				GCC_WARN_UNDECLARED_SELECTOR = YES;
				GCC_WARN_UNINITIALIZED_AUTOS = YES_AGGRESSIVE;
				GCC_WARN_UNUSED_FUNCTION = YES;
				GCC_WARN_UNUSED_VARIABLE = YES;
				MACOSX_DEPLOYMENT_TARGET = 10.13;
				MTL_ENABLE_DEBUG_INFO = NO;
				SDKROOT = macosx;
				SWIFT_COMPILATION_MODE = wholemodule;
				SWIFT_OPTIMIZATION_LEVEL = "-O";
			};
			name = Release;
		};
		051964142080567200CFA182 /* Debug */ = {
			isa = XCBuildConfiguration;
			baseConfigurationReference = 8C38D4AC287B696DF3F64C0D /* Pods-LabJukebox.debug.xcconfig */;
			buildSettings = {
				ASSETCATALOG_COMPILER_APPICON_NAME = AppIcon;
				CODE_SIGN_ENTITLEMENTS = LabJukebox/LabJukebox.entitlements;
				CODE_SIGN_STYLE = Automatic;
				COMBINE_HIDPI_IMAGES = YES;
				DEVELOPMENT_TEAM = 5YJYY9X256;
				FRAMEWORK_SEARCH_PATHS = (
					"$(inherited)",
					"$(PROJECT_DIR)/ID3Edit",
					"$(PROJECT_DIR)",
					"$(PROJECT_DIR)/Carthage/Build/Mac",
				);
				INFOPLIST_FILE = LabJukebox/Info.plist;
				LD_RUNPATH_SEARCH_PATHS = "$(inherited) @executable_path/../Frameworks";
				PRODUCT_BUNDLE_IDENTIFIER = naoi.LabJukebox;
				PRODUCT_NAME = "$(TARGET_NAME)";
				SWIFT_VERSION = 4.0;
			};
			name = Debug;
		};
		051964152080567200CFA182 /* Release */ = {
			isa = XCBuildConfiguration;
			baseConfigurationReference = 10BE35DD8A1650422137971A /* Pods-LabJukebox.release.xcconfig */;
			buildSettings = {
				ASSETCATALOG_COMPILER_APPICON_NAME = AppIcon;
				CODE_SIGN_ENTITLEMENTS = LabJukebox/LabJukebox.entitlements;
				CODE_SIGN_STYLE = Automatic;
				COMBINE_HIDPI_IMAGES = YES;
				DEVELOPMENT_TEAM = 5YJYY9X256;
				FRAMEWORK_SEARCH_PATHS = (
					"$(inherited)",
					"$(PROJECT_DIR)/ID3Edit",
					"$(PROJECT_DIR)",
					"$(PROJECT_DIR)/Carthage/Build/Mac",
				);
				INFOPLIST_FILE = LabJukebox/Info.plist;
				LD_RUNPATH_SEARCH_PATHS = "$(inherited) @executable_path/../Frameworks";
				PRODUCT_BUNDLE_IDENTIFIER = naoi.LabJukebox;
				PRODUCT_NAME = "$(TARGET_NAME)";
				SWIFT_VERSION = 4.0;
			};
			name = Release;
		};
		051964172080567200CFA182 /* Debug */ = {
			isa = XCBuildConfiguration;
			baseConfigurationReference = 3A8411B875B452BA727980AB /* Pods-LabJukeboxTests.debug.xcconfig */;
			buildSettings = {
				ALWAYS_EMBED_SWIFT_STANDARD_LIBRARIES = YES;
				BUNDLE_LOADER = "$(TEST_HOST)";
				CODE_SIGN_STYLE = Automatic;
				COMBINE_HIDPI_IMAGES = YES;
				DEVELOPMENT_TEAM = 5YJYY9X256;
				INFOPLIST_FILE = LabJukeboxTests/Info.plist;
				LD_RUNPATH_SEARCH_PATHS = "$(inherited) @executable_path/../Frameworks @loader_path/../Frameworks";
				PRODUCT_BUNDLE_IDENTIFIER = naoi.LabJukeboxTests;
				PRODUCT_NAME = "$(TARGET_NAME)";
				SWIFT_VERSION = 4.0;
				TEST_HOST = "$(BUILT_PRODUCTS_DIR)/LabJukebox.app/Contents/MacOS/LabJukebox";
			};
			name = Debug;
		};
		051964182080567200CFA182 /* Release */ = {
			isa = XCBuildConfiguration;
			baseConfigurationReference = FE5E3741656F50032942004F /* Pods-LabJukeboxTests.release.xcconfig */;
			buildSettings = {
				ALWAYS_EMBED_SWIFT_STANDARD_LIBRARIES = YES;
				BUNDLE_LOADER = "$(TEST_HOST)";
				CODE_SIGN_STYLE = Automatic;
				COMBINE_HIDPI_IMAGES = YES;
				DEVELOPMENT_TEAM = 5YJYY9X256;
				INFOPLIST_FILE = LabJukeboxTests/Info.plist;
				LD_RUNPATH_SEARCH_PATHS = "$(inherited) @executable_path/../Frameworks @loader_path/../Frameworks";
				PRODUCT_BUNDLE_IDENTIFIER = naoi.LabJukeboxTests;
				PRODUCT_NAME = "$(TARGET_NAME)";
				SWIFT_VERSION = 4.0;
				TEST_HOST = "$(BUILT_PRODUCTS_DIR)/LabJukebox.app/Contents/MacOS/LabJukebox";
			};
			name = Release;
		};
		0519641A2080567200CFA182 /* Debug */ = {
			isa = XCBuildConfiguration;
			baseConfigurationReference = 56498F8B98CC5028578A03A0 /* Pods-LabJukeboxUITests.debug.xcconfig */;
			buildSettings = {
				ALWAYS_EMBED_SWIFT_STANDARD_LIBRARIES = YES;
				CODE_SIGN_STYLE = Automatic;
				COMBINE_HIDPI_IMAGES = YES;
				DEVELOPMENT_TEAM = 5YJYY9X256;
				INFOPLIST_FILE = LabJukeboxUITests/Info.plist;
				LD_RUNPATH_SEARCH_PATHS = "$(inherited) @executable_path/../Frameworks @loader_path/../Frameworks";
				PRODUCT_BUNDLE_IDENTIFIER = naoi.LabJukeboxUITests;
				PRODUCT_NAME = "$(TARGET_NAME)";
				SWIFT_VERSION = 4.0;
				TEST_TARGET_NAME = LabJukebox;
			};
			name = Debug;
		};
		0519641B2080567200CFA182 /* Release */ = {
			isa = XCBuildConfiguration;
			baseConfigurationReference = E612F0D6DB08AF237DD59782 /* Pods-LabJukeboxUITests.release.xcconfig */;
			buildSettings = {
				ALWAYS_EMBED_SWIFT_STANDARD_LIBRARIES = YES;
				CODE_SIGN_STYLE = Automatic;
				COMBINE_HIDPI_IMAGES = YES;
				DEVELOPMENT_TEAM = 5YJYY9X256;
				INFOPLIST_FILE = LabJukeboxUITests/Info.plist;
				LD_RUNPATH_SEARCH_PATHS = "$(inherited) @executable_path/../Frameworks @loader_path/../Frameworks";
				PRODUCT_BUNDLE_IDENTIFIER = naoi.LabJukeboxUITests;
				PRODUCT_NAME = "$(TARGET_NAME)";
				SWIFT_VERSION = 4.0;
				TEST_TARGET_NAME = LabJukebox;
			};
			name = Release;
		};
/* End XCBuildConfiguration section */

/* Begin XCConfigurationList section */
		051963E82080567000CFA182 /* Build configuration list for PBXProject "LabJukebox" */ = {
			isa = XCConfigurationList;
			buildConfigurations = (
				051964112080567200CFA182 /* Debug */,
				051964122080567200CFA182 /* Release */,
			);
			defaultConfigurationIsVisible = 0;
			defaultConfigurationName = Release;
		};
		051964132080567200CFA182 /* Build configuration list for PBXNativeTarget "LabJukebox" */ = {
			isa = XCConfigurationList;
			buildConfigurations = (
				051964142080567200CFA182 /* Debug */,
				051964152080567200CFA182 /* Release */,
			);
			defaultConfigurationIsVisible = 0;
			defaultConfigurationName = Release;
		};
		051964162080567200CFA182 /* Build configuration list for PBXNativeTarget "LabJukeboxTests" */ = {
			isa = XCConfigurationList;
			buildConfigurations = (
				051964172080567200CFA182 /* Debug */,
				051964182080567200CFA182 /* Release */,
			);
			defaultConfigurationIsVisible = 0;
			defaultConfigurationName = Release;
		};
		051964192080567200CFA182 /* Build configuration list for PBXNativeTarget "LabJukeboxUITests" */ = {
			isa = XCConfigurationList;
			buildConfigurations = (
				0519641A2080567200CFA182 /* Debug */,
				0519641B2080567200CFA182 /* Release */,
			);
			defaultConfigurationIsVisible = 0;
			defaultConfigurationName = Release;
		};
/* End XCConfigurationList section */
	};
	rootObject = 051963E52080567000CFA182 /* Project object */;
}
